
Microsoft Visual Studio Solution File, Format Version 12.00
# Visual Studio Version 16
VisualStudioVersion = 16.0.30114.105
MinimumVisualStudioVersion = 10.0.40219.1
Project("{FAE04EC0-301F-11D3-BF4B-00C04F79EFBC}") = "Lp2Soft", "Lp2Soft\Lp2Soft.csproj", "{B58B3ED1-0332-4F9C-8020-772B01AFC0CC}"
EndProject
Project("{FAE04EC0-301F-11D3-BF4B-00C04F79EFBC}") = "Lp2SoftModel", "Lp2SoftModel\Lp2SoftModel.csproj", "{CE231784-2D12-48C9-A71C-DC673C14A36B}"
EndProject
Project("{FAE04EC0-301F-11D3-BF4B-00C04F79EFBC}") = "Lp2SoftController", "Lp2SoftController\Lp2SoftController.csproj", "{D309B01F-65A4-40CD-A56B-7ECF96D4A8E2}"
EndProject
Global
	GlobalSection(SolutionConfigurationPlatforms) = preSolution
		Debug|Any CPU = Debug|Any CPU
		Release|Any CPU = Release|Any CPU
	EndGlobalSection
	GlobalSection(ProjectConfigurationPlatforms) = postSolution
		{B58B3ED1-0332-4F9C-8020-772B01AFC0CC}.Debug|Any CPU.ActiveCfg = Debug|Any CPU
		{B58B3ED1-0332-4F9C-8020-772B01AFC0CC}.Debug|Any CPU.Build.0 = Debug|Any CPU
		{B58B3ED1-0332-4F9C-8020-772B01AFC0CC}.Release|Any CPU.ActiveCfg = Release|Any CPU
		{B58B3ED1-0332-4F9C-8020-772B01AFC0CC}.Release|Any CPU.Build.0 = Release|Any CPU
		{CE231784-2D12-48C9-A71C-DC673C14A36B}.Debug|Any CPU.ActiveCfg = Debug|Any CPU
		{CE231784-2D12-48C9-A71C-DC673C14A36B}.Debug|Any CPU.Build.0 = Debug|Any CPU
		{CE231784-2D12-48C9-A71C-DC673C14A36B}.Release|Any CPU.ActiveCfg = Release|Any CPU
		{CE231784-2D12-48C9-A71C-DC673C14A36B}.Release|Any CPU.Build.0 = Release|Any CPU
		{D309B01F-65A4-40CD-A56B-7ECF96D4A8E2}.Debug|Any CPU.ActiveCfg = Debug|Any CPU
		{D309B01F-65A4-40CD-A56B-7ECF96D4A8E2}.Debug|Any CPU.Build.0 = Debug|Any CPU
		{D309B01F-65A4-40CD-A56B-7ECF96D4A8E2}.Release|Any CPU.ActiveCfg = Release|Any CPU
		{D309B01F-65A4-40CD-A56B-7ECF96D4A8E2}.Release|Any CPU.Build.0 = Release|Any CPU
	EndGlobalSection
	GlobalSection(SolutionProperties) = preSolution
		HideSolutionNode = FALSE
	EndGlobalSection
	GlobalSection(ExtensibilityGlobals) = postSolution
		SolutionGuid = {06B03AFA-1C54-4405-BCCB-84CE31217CDD}
	EndGlobalSection
EndGlobal
